
Microsoft Visual Studio Solution File, Format Version 12.00
# Visual Studio 15
VisualStudioVersion = 15.0.27004.2002
MinimumVisualStudioVersion = 10.0.40219.1
Project("{FAE04EC0-301F-11D3-BF4B-00C04F79EFBC}") = "WebApp", "WebApp\WebApp.csproj", "{42832ACF-B5F2-476E-B51A-58FB5E0E34FE}"
EndProject
Project("{FAE04EC0-301F-11D3-BF4B-00C04F79EFBC}") = "WebApp.Tests", "WebApp.Tests\WebApp.Tests.csproj", "{83CBF943-9EF3-40D6-9119-EF0031CAA5AA}"
EndProject
Global
	GlobalSection(SolutionConfigurationPlatforms) = preSolution
		Debug|Any CPU = Debug|Any CPU
		Release|Any CPU = Release|Any CPU
	EndGlobalSection
	GlobalSection(ProjectConfigurationPlatforms) = postSolution
		{42832ACF-B5F2-476E-B51A-58FB5E0E34FE}.Debug|Any CPU.ActiveCfg = Debug|Any CPU
		{42832ACF-B5F2-476E-B51A-58FB5E0E34FE}.Debug|Any CPU.Build.0 = Debug|Any CPU
		{42832ACF-B5F2-476E-B51A-58FB5E0E34FE}.Release|Any CPU.ActiveCfg = Release|Any CPU
		{42832ACF-B5F2-476E-B51A-58FB5E0E34FE}.Release|Any CPU.Build.0 = Release|Any CPU
		{83CBF943-9EF3-40D6-9119-EF0031CAA5AA}.Debug|Any CPU.ActiveCfg = Debug|Any CPU
		{83CBF943-9EF3-40D6-9119-EF0031CAA5AA}.Debug|Any CPU.Build.0 = Debug|Any CPU
		{83CBF943-9EF3-40D6-9119-EF0031CAA5AA}.Release|Any CPU.ActiveCfg = Release|Any CPU
		{83CBF943-9EF3-40D6-9119-EF0031CAA5AA}.Release|Any CPU.Build.0 = Release|Any CPU
	EndGlobalSection
	GlobalSection(SolutionProperties) = preSolution
		HideSolutionNode = FALSE
	EndGlobalSection
	GlobalSection(ExtensibilityGlobals) = postSolution
		SolutionGuid = {5ADBBDDD-5529-4552-9B1C-C616C42B2080}
	EndGlobalSection
EndGlobal
